{
  "version": "2",
  "remote": {
    "https://deno.land/std@0.115.1/async/pool.ts": "353ce4f91865da203a097aa6f33de8966340c91b6f4a055611c8c5d534afd12f",
    "https://deno.land/std@0.190.0/fmt/colors.ts": "d67e3cd9f472535241a8e410d33423980bec45047e343577554d3356e1f0ef4e",
    "https://deno.land/std@0.190.0/testing/_diff.ts": "1a3c044aedf77647d6cac86b798c6417603361b66b54c53331b312caeb447aea",
    "https://deno.land/std@0.190.0/testing/_format.ts": "a69126e8a469009adf4cf2a50af889aca364c349797e63174884a52ff75cf4c7",
    "https://deno.land/std@0.190.0/testing/asserts.ts": "e16d98b4d73ffc4ed498d717307a12500ae4f2cbe668f1a215632d19fcffc22f",
    "https://deno.land/x/aws_sign_v4@1.0.2/mod.ts": "be798766c3058ebe0ba9a45c3d18a0e87855b3663bacd3e86278173a49b6618f",
    "https://deno.land/x/aws_sign_v4@1.0.2/src/date.ts": "96d156206dceadbede0e8cd709dd2b0f8c8aef858359dbe187b78c50bdc73353",
    "https://deno.land/x/aws_sign_v4@1.0.2/src/signing.ts": "0118be5f11100e32075e680fb7ceb78e3cf6caf923739178dad8508ad4ea5db3",
    "https://deno.land/x/aws_sign_v4@1.0.2/src/util.ts": "c3b58b95bce15d02607f7434e488cfaef235dc7773b7e9d90d9d6e962d189c23",
    "https://deno.land/x/html_entities@v1.0/lib/xml-entities.js": "cbbc40f7b6fd1f925508ff7d43a52d2383a57a64d0aaa3a7a1eca9d4155e4bde",
    "https://deno.land/x/s3@0.5.0/deps.ts": "712e6417008266bbab80f4d95a633474e353787b198f00e303b5d0e57bab334e",
    "https://deno.land/x/s3@0.5.0/mod.ts": "4e0ec5073559a035429afaeb4b1f8ee8470b6f4f831df25ea0bde181b22aabec",
    "https://deno.land/x/s3@0.5.0/src/bucket.ts": "e3a76cd2ac219f53f46e1196663f5c9507d9bcb17e2354e19c2c19de3aeac418",
    "https://deno.land/x/s3@0.5.0/src/client.ts": "1ea62d85d17ad2d3bb643af008712299c8ccc4ba030a26b0d6c3cc804e1cb48b",
    "https://deno.land/x/s3@0.5.0/src/error.ts": "a7857ca64eedbaf5c4daad5e83fdef5c4acd61534bffdab784b4e17e008e6aae",
    "https://deno.land/x/s3@0.5.0/src/request.ts": "c469c447d65e0508a94c8fa6d68ab4c54b23efbdacef58dd8651975721ecf8a6",
    "https://deno.land/x/s3@0.5.0/src/types.ts": "817968920f69e2768dcaeec59f301ce791715544bac2561d59e3e9ca81ec0bba",
    "https://raw.githubusercontent.com/nekobato/deno-xml-parser/0bc4c2bd2f5fad36d274279978ca57eec57c680c/index.ts": "05d093028c005706e37b46bfe2bb7e2488f42fdc74d2196ac818902336927c01"
  }
}
